
Microsoft Visual Studio Solution File, Format Version 12.00
# Visual Studio Version 17
VisualStudioVersion = 17.2.32630.192
MinimumVisualStudioVersion = 10.0.40219.1
Project("{FAE04EC0-301F-11D3-BF4B-00C04F79EFBC}") = "LinqProject", "LinqProject\LinqProject.csproj", "{14A49E6A-BC17-4411-A5C0-6222B46B4623}"
EndProject
Global
	GlobalSection(SolutionConfigurationPlatforms) = preSolution
		Debug|Any CPU = Debug|Any CPU
		Release|Any CPU = Release|Any CPU
	EndGlobalSection
	GlobalSection(ProjectConfigurationPlatforms) = postSolution
		{14A49E6A-BC17-4411-A5C0-6222B46B4623}.Debug|Any CPU.ActiveCfg = Debug|Any CPU
		{14A49E6A-BC17-4411-A5C0-6222B46B4623}.Debug|Any CPU.Build.0 = Debug|Any CPU
		{14A49E6A-BC17-4411-A5C0-6222B46B4623}.Release|Any CPU.ActiveCfg = Release|Any CPU
		{14A49E6A-BC17-4411-A5C0-6222B46B4623}.Release|Any CPU.Build.0 = Release|Any CPU
	EndGlobalSection
	GlobalSection(SolutionProperties) = preSolution
		HideSolutionNode = FALSE
	EndGlobalSection
	GlobalSection(ExtensibilityGlobals) = postSolution
		SolutionGuid = {E3484536-AAAF-4CBD-9820-0969EE459D47}
	EndGlobalSection
EndGlobal
